
Microsoft Visual Studio Solution File, Format Version 12.00
# Visual Studio Version 17
VisualStudioVersion = 17.12.35527.113
MinimumVisualStudioVersion = 10.0.40219.1
Project("{FAE04EC0-301F-11D3-BF4B-00C04F79EFBC}") = "Sandbox", "Sandbox\Sandbox.csproj", "{924D8589-99CC-4A33-9997-8D39A58A825B}"
EndProject
Project("{FAE04EC0-301F-11D3-BF4B-00C04F79EFBC}") = "Repository", "Data\Repository.csproj", "{0B5149C3-9093-4254-B918-8503CF24D84F}"
EndProject
Project("{FAE04EC0-301F-11D3-BF4B-00C04F79EFBC}") = "Service", "Service\Service.csproj", "{C2830880-ABCF-4863-9CC9-5ED7236168B0}"
EndProject
Project("{FAE04EC0-301F-11D3-BF4B-00C04F79EFBC}") = "Model", "Model\Model.csproj", "{80C09513-3407-4AF4-841C-82096395955E}"
EndProject
Project("{FAE04EC0-301F-11D3-BF4B-00C04F79EFBC}") = "Helper", "Helper\Helper.csproj", "{47225ED9-910F-489D-90E1-3CCCA54E675F}"
EndProject
Global
	GlobalSection(SolutionConfigurationPlatforms) = preSolution
		Debug|Any CPU = Debug|Any CPU
		Release|Any CPU = Release|Any CPU
	EndGlobalSection
	GlobalSection(ProjectConfigurationPlatforms) = postSolution
		{924D8589-99CC-4A33-9997-8D39A58A825B}.Debug|Any CPU.ActiveCfg = Debug|Any CPU
		{924D8589-99CC-4A33-9997-8D39A58A825B}.Debug|Any CPU.Build.0 = Debug|Any CPU
		{924D8589-99CC-4A33-9997-8D39A58A825B}.Release|Any CPU.ActiveCfg = Release|Any CPU
		{924D8589-99CC-4A33-9997-8D39A58A825B}.Release|Any CPU.Build.0 = Release|Any CPU
		{0B5149C3-9093-4254-B918-8503CF24D84F}.Debug|Any CPU.ActiveCfg = Debug|Any CPU
		{0B5149C3-9093-4254-B918-8503CF24D84F}.Debug|Any CPU.Build.0 = Debug|Any CPU
		{0B5149C3-9093-4254-B918-8503CF24D84F}.Release|Any CPU.ActiveCfg = Release|Any CPU
		{0B5149C3-9093-4254-B918-8503CF24D84F}.Release|Any CPU.Build.0 = Release|Any CPU
		{C2830880-ABCF-4863-9CC9-5ED7236168B0}.Debug|Any CPU.ActiveCfg = Debug|Any CPU
		{C2830880-ABCF-4863-9CC9-5ED7236168B0}.Debug|Any CPU.Build.0 = Debug|Any CPU
		{C2830880-ABCF-4863-9CC9-5ED7236168B0}.Release|Any CPU.ActiveCfg = Release|Any CPU
		{C2830880-ABCF-4863-9CC9-5ED7236168B0}.Release|Any CPU.Build.0 = Release|Any CPU
		{80C09513-3407-4AF4-841C-82096395955E}.Debug|Any CPU.ActiveCfg = Debug|Any CPU
		{80C09513-3407-4AF4-841C-82096395955E}.Debug|Any CPU.Build.0 = Debug|Any CPU
		{80C09513-3407-4AF4-841C-82096395955E}.Release|Any CPU.ActiveCfg = Release|Any CPU
		{80C09513-3407-4AF4-841C-82096395955E}.Release|Any CPU.Build.0 = Release|Any CPU
		{47225ED9-910F-489D-90E1-3CCCA54E675F}.Debug|Any CPU.ActiveCfg = Debug|Any CPU
		{47225ED9-910F-489D-90E1-3CCCA54E675F}.Debug|Any CPU.Build.0 = Debug|Any CPU
		{47225ED9-910F-489D-90E1-3CCCA54E675F}.Release|Any CPU.ActiveCfg = Release|Any CPU
		{47225ED9-910F-489D-90E1-3CCCA54E675F}.Release|Any CPU.Build.0 = Release|Any CPU
	EndGlobalSection
	GlobalSection(SolutionProperties) = preSolution
		HideSolutionNode = FALSE
	EndGlobalSection
EndGlobal
